
Microsoft Visual Studio Solution File, Format Version 12.00
# Visual Studio Version 16
VisualStudioVersion = 16.0.29911.98
MinimumVisualStudioVersion = 10.0.40219.1
Project("{FAE04EC0-301F-11D3-BF4B-00C04F79EFBC}") = "Lab2_18520560_LeKimDanh", "Lab2_18520560_LeKimDanh.csproj", "{D8239A97-1A0F-49D0-86B0-1ADEC9C8C931}"
EndProject
Global
	GlobalSection(SolutionConfigurationPlatforms) = preSolution
		Debug|Any CPU = Debug|Any CPU
		Release|Any CPU = Release|Any CPU
	EndGlobalSection
	GlobalSection(ProjectConfigurationPlatforms) = postSolution
		{D8239A97-1A0F-49D0-86B0-1ADEC9C8C931}.Debug|Any CPU.ActiveCfg = Debug|Any CPU
		{D8239A97-1A0F-49D0-86B0-1ADEC9C8C931}.Debug|Any CPU.Build.0 = Debug|Any CPU
		{D8239A97-1A0F-49D0-86B0-1ADEC9C8C931}.Release|Any CPU.ActiveCfg = Release|Any CPU
		{D8239A97-1A0F-49D0-86B0-1ADEC9C8C931}.Release|Any CPU.Build.0 = Release|Any CPU
	EndGlobalSection
	GlobalSection(SolutionProperties) = preSolution
		HideSolutionNode = FALSE
	EndGlobalSection
	GlobalSection(ExtensibilityGlobals) = postSolution
		SolutionGuid = {F160A776-0631-45AB-8BF8-4DCCDBDBCA97}
	EndGlobalSection
EndGlobal
